
Microsoft Visual Studio Solution File, Format Version 12.00
# Visual Studio Version 17
VisualStudioVersion = 17.11.35303.130
MinimumVisualStudioVersion = 10.0.40219.1
Project("{9A19103F-16F7-4668-BE54-9A1E7A4F7556}") = "ApiFestivos", "ApiFestivos\ApiFestivos.csproj", "{AB35814B-E0DB-47C7-BFAE-0D4E5CCFDF59}"
EndProject
Project("{FAE04EC0-301F-11D3-BF4B-00C04F79EFBC}") = "ApiFestivos.Application", "ApiFestivos.Application\ApiFestivos.Application.csproj", "{8BCDE69E-1CDD-41F7-ABAA-48DFF4A42AD8}"
EndProject
Global
	GlobalSection(SolutionConfigurationPlatforms) = preSolution
		Debug|Any CPU = Debug|Any CPU
		Release|Any CPU = Release|Any CPU
	EndGlobalSection
	GlobalSection(ProjectConfigurationPlatforms) = postSolution
		{AB35814B-E0DB-47C7-BFAE-0D4E5CCFDF59}.Debug|Any CPU.ActiveCfg = Debug|Any CPU
		{AB35814B-E0DB-47C7-BFAE-0D4E5CCFDF59}.Debug|Any CPU.Build.0 = Debug|Any CPU
		{AB35814B-E0DB-47C7-BFAE-0D4E5CCFDF59}.Release|Any CPU.ActiveCfg = Release|Any CPU
		{AB35814B-E0DB-47C7-BFAE-0D4E5CCFDF59}.Release|Any CPU.Build.0 = Release|Any CPU
		{8BCDE69E-1CDD-41F7-ABAA-48DFF4A42AD8}.Debug|Any CPU.ActiveCfg = Debug|Any CPU
		{8BCDE69E-1CDD-41F7-ABAA-48DFF4A42AD8}.Debug|Any CPU.Build.0 = Debug|Any CPU
		{8BCDE69E-1CDD-41F7-ABAA-48DFF4A42AD8}.Release|Any CPU.ActiveCfg = Release|Any CPU
		{8BCDE69E-1CDD-41F7-ABAA-48DFF4A42AD8}.Release|Any CPU.Build.0 = Release|Any CPU
	EndGlobalSection
	GlobalSection(SolutionProperties) = preSolution
		HideSolutionNode = FALSE
	EndGlobalSection
	GlobalSection(ExtensibilityGlobals) = postSolution
		SolutionGuid = {CDFCD078-3C13-40BE-99EC-5474E116CA47}
	EndGlobalSection
EndGlobal
